// !$*UTF8*$!
{
	archiveVersion = 1;
	classes = {
	};
	objectVersion = 50;
	objects = {

/* Begin PBXBuildFile section */
		8EA75799245E40BE004D1874 /* AppDelegate.swift in Sources */ = {isa = PBXBuildFile; fileRef = 8EA75798245E40BE004D1874 /* AppDelegate.swift */; };
		8EA7579B245E40BE004D1874 /* SceneDelegate.swift in Sources */ = {isa = PBXBuildFile; fileRef = 8EA7579A245E40BE004D1874 /* SceneDelegate.swift */; };
		8EA7579E245E40BE004D1874 /* IndoorMappingUsingMotion.xcdatamodeld in Sources */ = {isa = PBXBuildFile; fileRef = 8EA7579C245E40BE004D1874 /* IndoorMappingUsingMotion.xcdatamodeld */; };
		8EA757A2245E40C5004D1874 /* Assets.xcassets in Resources */ = {isa = PBXBuildFile; fileRef = 8EA757A1245E40C5004D1874 /* Assets.xcassets */; };
		8EA757A5245E40C5004D1874 /* Preview Assets.xcassets in Resources */ = {isa = PBXBuildFile; fileRef = 8EA757A4245E40C5004D1874 /* Preview Assets.xcassets */; };
		8EA757A8245E40C5004D1874 /* LaunchScreen.storyboard in Resources */ = {isa = PBXBuildFile; fileRef = 8EA757A6245E40C5004D1874 /* LaunchScreen.storyboard */; };
		8EA757B2245E4111004D1874 /* MotionViewController.swift in Sources */ = {isa = PBXBuildFile; fileRef = 8EA757B1245E4111004D1874 /* MotionViewController.swift */; };
		8EA757B7245E4B60004D1874 /* MotionTracking.swift in Sources */ = {isa = PBXBuildFile; fileRef = 8EA757B6245E4B60004D1874 /* MotionTracking.swift */; };
		8EA757B9245E4C41004D1874 /* SetupOnLaunch.swift in Sources */ = {isa = PBXBuildFile; fileRef = 8EA757B8245E4C41004D1874 /* SetupOnLaunch.swift */; };
		8EA757BC245E5C35004D1874 /* Home.swift in Sources */ = {isa = PBXBuildFile; fileRef = 8EA757BB245E5C35004D1874 /* Home.swift */; };
		8EA757BE245E5CD9004D1874 /* IndependentComponents.swift in Sources */ = {isa = PBXBuildFile; fileRef = 8EA757BD245E5CD9004D1874 /* IndependentComponents.swift */; };
		8EA757C0245E5D17004D1874 /* TrackingInfo.swift in Sources */ = {isa = PBXBuildFile; fileRef = 8EA757BF245E5D17004D1874 /* TrackingInfo.swift */; };
		8EA757C2245E6345004D1874 /* MotionView.swift in Sources */ = {isa = PBXBuildFile; fileRef = 8EA757C1245E6345004D1874 /* MotionView.swift */; };
/* End PBXBuildFile section */

/* Begin PBXFileReference section */
		8EA75795245E40BE004D1874 /* IndoorMappingUsingMotion.app */ = {isa = PBXFileReference; explicitFileType = wrapper.application; includeInIndex = 0; path = IndoorMappingUsingMotion.app; sourceTree = BUILT_PRODUCTS_DIR; };
		8EA75798245E40BE004D1874 /* AppDelegate.swift */ = {isa = PBXFileReference; lastKnownFileType = sourcecode.swift; path = AppDelegate.swift; sourceTree = "<group>"; };
		8EA7579A245E40BE004D1874 /* SceneDelegate.swift */ = {isa = PBXFileReference; lastKnownFileType = sourcecode.swift; path = SceneDelegate.swift; sourceTree = "<group>"; };
		8EA7579D245E40BE004D1874 /* IndoorMappingUsingMotion.xcdatamodel */ = {isa = PBXFileReference; lastKnownFileType = wrapper.xcdatamodel; path = IndoorMappingUsingMotion.xcdatamodel; sourceTree = "<group>"; };
		8EA757A1245E40C5004D1874 /* Assets.xcassets */ = {isa = PBXFileReference; lastKnownFileType = folder.assetcatalog; path = Assets.xcassets; sourceTree = "<group>"; };
		8EA757A4245E40C5004D1874 /* Preview Assets.xcassets */ = {isa = PBXFileReference; lastKnownFileType = folder.assetcatalog; path = "Preview Assets.xcassets"; sourceTree = "<group>"; };
		8EA757A7245E40C5004D1874 /* Base */ = {isa = PBXFileReference; lastKnownFileType = file.storyboard; name = Base; path = Base.lproj/LaunchScreen.storyboard; sourceTree = "<group>"; };
		8EA757A9245E40C5004D1874 /* Info.plist */ = {isa = PBXFileReference; lastKnownFileType = text.plist.xml; path = Info.plist; sourceTree = "<group>"; };
		8EA757B1245E4111004D1874 /* MotionViewController.swift */ = {isa = PBXFileReference; lastKnownFileType = sourcecode.swift; path = MotionViewController.swift; sourceTree = "<group>"; };
		8EA757B6245E4B60004D1874 /* MotionTracking.swift */ = {isa = PBXFileReference; lastKnownFileType = sourcecode.swift; path = MotionTracking.swift; sourceTree = "<group>"; };
		8EA757B8245E4C41004D1874 /* SetupOnLaunch.swift */ = {isa = PBXFileReference; lastKnownFileType = sourcecode.swift; path = SetupOnLaunch.swift; sourceTree = "<group>"; };
		8EA757BB245E5C35004D1874 /* Home.swift */ = {isa = PBXFileReference; lastKnownFileType = sourcecode.swift; path = Home.swift; sourceTree = "<group>"; };
		8EA757BD245E5CD9004D1874 /* IndependentComponents.swift */ = {isa = PBXFileReference; lastKnownFileType = sourcecode.swift; path = IndependentComponents.swift; sourceTree = "<group>"; };
		8EA757BF245E5D17004D1874 /* TrackingInfo.swift */ = {isa = PBXFileReference; lastKnownFileType = sourcecode.swift; path = TrackingInfo.swift; sourceTree = "<group>"; };
		8EA757C1245E6345004D1874 /* MotionView.swift */ = {isa = PBXFileReference; lastKnownFileType = sourcecode.swift; path = MotionView.swift; sourceTree = "<group>"; };
/* End PBXFileReference section */

/* Begin PBXFrameworksBuildPhase section */
		8EA75792245E40BE004D1874 /* Frameworks */ = {
			isa = PBXFrameworksBuildPhase;
			buildActionMask = 2147483647;
			files = (
			);
			runOnlyForDeploymentPostprocessing = 0;
		};
/* End PBXFrameworksBuildPhase section */

/* Begin PBXGroup section */
		8EA7578C245E40BE004D1874 = {
			isa = PBXGroup;
			children = (
				8EA75797245E40BE004D1874 /* IndoorMappingUsingMotion */,
				8EA75796245E40BE004D1874 /* Products */,
			);
			sourceTree = "<group>";
		};
		8EA75796245E40BE004D1874 /* Products */ = {
			isa = PBXGroup;
			children = (
				8EA75795245E40BE004D1874 /* IndoorMappingUsingMotion.app */,
			);
			name = Products;
			sourceTree = "<group>";
		};
		8EA75797245E40BE004D1874 /* IndoorMappingUsingMotion */ = {
			isa = PBXGroup;
			children = (
				8EA757BA245E5C23004D1874 /* Screens */,
				8EA757B5245E4B49004D1874 /* DataModels */,
				8EA757B0245E40F7004D1874 /* MotionHandling */,
				8EA75798245E40BE004D1874 /* AppDelegate.swift */,
				8EA7579A245E40BE004D1874 /* SceneDelegate.swift */,
				8EA757A1245E40C5004D1874 /* Assets.xcassets */,
				8EA757A6245E40C5004D1874 /* LaunchScreen.storyboard */,
				8EA757A9245E40C5004D1874 /* Info.plist */,
				8EA7579C245E40BE004D1874 /* IndoorMappingUsingMotion.xcdatamodeld */,
				8EA757A3245E40C5004D1874 /* Preview Content */,
				8EA757B8245E4C41004D1874 /* SetupOnLaunch.swift */,
			);
			path = IndoorMappingUsingMotion;
			sourceTree = "<group>";
		};
		8EA757A3245E40C5004D1874 /* Preview Content */ = {
			isa = PBXGroup;
			children = (
				8EA757A4245E40C5004D1874 /* Preview Assets.xcassets */,
			);
			path = "Preview Content";
			sourceTree = "<group>";
		};
		8EA757B0245E40F7004D1874 /* MotionHandling */ = {
			isa = PBXGroup;
			children = (
				8EA757B1245E4111004D1874 /* MotionViewController.swift */,
				8EA757C1245E6345004D1874 /* MotionView.swift */,
			);
			path = MotionHandling;
			sourceTree = "<group>";
		};
		8EA757B5245E4B49004D1874 /* DataModels */ = {
			isa = PBXGroup;
			children = (
				8EA757B6245E4B60004D1874 /* MotionTracking.swift */,
			);
			path = DataModels;
			sourceTree = "<group>";
		};
		8EA757BA245E5C23004D1874 /* Screens */ = {
			isa = PBXGroup;
			children = (
				8EA757BB245E5C35004D1874 /* Home.swift */,
				8EA757BD245E5CD9004D1874 /* IndependentComponents.swift */,
				8EA757BF245E5D17004D1874 /* TrackingInfo.swift */,
			);
			path = Screens;
			sourceTree = "<group>";
		};
/* End PBXGroup section */

/* Begin PBXNativeTarget section */
		8EA75794245E40BE004D1874 /* IndoorMappingUsingMotion */ = {
			isa = PBXNativeTarget;
			buildConfigurationList = 8EA757AC245E40C5004D1874 /* Build configuration list for PBXNativeTarget "IndoorMappingUsingMotion" */;
			buildPhases = (
				8EA75791245E40BE004D1874 /* Sources */,
				8EA75792245E40BE004D1874 /* Frameworks */,
				8EA75793245E40BE004D1874 /* Resources */,
			);
			buildRules = (
			);
			dependencies = (
			);
			name = IndoorMappingUsingMotion;
			productName = IndoorMappingUsingMotion;
			productReference = 8EA75795245E40BE004D1874 /* IndoorMappingUsingMotion.app */;
			productType = "com.apple.product-type.application";
		};
/* End PBXNativeTarget section */

/* Begin PBXProject section */
		8EA7578D245E40BE004D1874 /* Project object */ = {
			isa = PBXProject;
			attributes = {
				LastSwiftUpdateCheck = 1120;
				LastUpgradeCheck = 1120;
				ORGANIZATIONNAME = "sachin jeph";
				TargetAttributes = {
					8EA75794245E40BE004D1874 = {
						CreatedOnToolsVersion = 11.2.1;
					};
				};
			};
			buildConfigurationList = 8EA75790245E40BE004D1874 /* Build configuration list for PBXProject "IndoorMappingUsingMotion" */;
			compatibilityVersion = "Xcode 9.3";
			developmentRegion = en;
			hasScannedForEncodings = 0;
			knownRegions = (
				en,
				Base,
			);
			mainGroup = 8EA7578C245E40BE004D1874;
			productRefGroup = 8EA75796245E40BE004D1874 /* Products */;
			projectDirPath = "";
			projectRoot = "";
			targets = (
				8EA75794245E40BE004D1874 /* IndoorMappingUsingMotion */,
			);
		};
/* End PBXProject section */

/* Begin PBXResourcesBuildPhase section */
		8EA75793245E40BE004D1874 /* Resources */ = {
			isa = PBXResourcesBuildPhase;
			buildActionMask = 2147483647;
			files = (
				8EA757A8245E40C5004D1874 /* LaunchScreen.storyboard in Resources */,
				8EA757A5245E40C5004D1874 /* Preview Assets.xcassets in Resources */,
				8EA757A2245E40C5004D1874 /* Assets.xcassets in Resources */,
			);
			runOnlyForDeploymentPostprocessing = 0;
		};
/* End PBXResourcesBuildPhase section */

/* Begin PBXSourcesBuildPhase section */
		8EA75791245E40BE004D1874 /* Sources */ = {
			isa = PBXSourcesBuildPhase;
			buildActionMask = 2147483647;
			files = (
				8EA757B7245E4B60004D1874 /* MotionTracking.swift in Sources */,
				8EA757B9245E4C41004D1874 /* SetupOnLaunch.swift in Sources */,
				8EA757BE245E5CD9004D1874 /* IndependentComponents.swift in Sources */,
				8EA757C0245E5D17004D1874 /* TrackingInfo.swift in Sources */,
				8EA7579E245E40BE004D1874 /* IndoorMappingUsingMotion.xcdatamodeld in Sources */,
				8EA75799245E40BE004D1874 /* AppDelegate.swift in Sources */,
				8EA757C2245E6345004D1874 /* MotionView.swift in Sources */,
				8EA7579B245E40BE004D1874 /* SceneDelegate.swift in Sources */,
				8EA757BC245E5C35004D1874 /* Home.swift in Sources */,
				8EA757B2245E4111004D1874 /* MotionViewController.swift in Sources */,
			);
			runOnlyForDeploymentPostprocessing = 0;
		};
/* End PBXSourcesBuildPhase section */

/* Begin PBXVariantGroup section */
		8EA757A6245E40C5004D1874 /* LaunchScreen.storyboard */ = {
			isa = PBXVariantGroup;
			children = (
				8EA757A7245E40C5004D1874 /* Base */,
			);
			name = LaunchScreen.storyboard;
			sourceTree = "<group>";
		};
/* End PBXVariantGroup section */

/* Begin XCBuildConfiguration section */
		8EA757AA245E40C5004D1874 /* Debug */ = {
			isa = XCBuildConfiguration;
			buildSettings = {
				ALWAYS_SEARCH_USER_PATHS = NO;
				CLANG_ANALYZER_NONNULL = YES;
				CLANG_ANALYZER_NUMBER_OBJECT_CONVERSION = YES_AGGRESSIVE;
				CLANG_CXX_LANGUAGE_STANDARD = "gnu++14";
				CLANG_CXX_LIBRARY = "libc++";
				CLANG_ENABLE_MODULES = YES;
				CLANG_ENABLE_OBJC_ARC = YES;
				CLANG_ENABLE_OBJC_WEAK = YES;
				CLANG_WARN_BLOCK_CAPTURE_AUTORELEASING = YES;
				CLANG_WARN_BOOL_CONVERSION = YES;
				CLANG_WARN_COMMA = YES;
				CLANG_WARN_CONSTANT_CONVERSION = YES;
				CLANG_WARN_DEPRECATED_OBJC_IMPLEMENTATIONS = YES;
				CLANG_WARN_DIRECT_OBJC_ISA_USAGE = YES_ERROR;
				CLANG_WARN_DOCUMENTATION_COMMENTS = YES;
				CLANG_WARN_EMPTY_BODY = YES;
				CLANG_WARN_ENUM_CONVERSION = YES;
				CLANG_WARN_INFINITE_RECURSION = YES;
				CLANG_WARN_INT_CONVERSION = YES;
				CLANG_WARN_NON_LITERAL_NULL_CONVERSION = YES;
				CLANG_WARN_OBJC_IMPLICIT_RETAIN_SELF = YES;
				CLANG_WARN_OBJC_LITERAL_CONVERSION = YES;
				CLANG_WARN_OBJC_ROOT_CLASS = YES_ERROR;
				CLANG_WARN_RANGE_LOOP_ANALYSIS = YES;
				CLANG_WARN_STRICT_PROTOTYPES = YES;
				CLANG_WARN_SUSPICIOUS_MOVE = YES;
				CLANG_WARN_UNGUARDED_AVAILABILITY = YES_AGGRESSIVE;
				CLANG_WARN_UNREACHABLE_CODE = YES;
				CLANG_WARN__DUPLICATE_METHOD_MATCH = YES;
				COPY_PHASE_STRIP = NO;
				DEBUG_INFORMATION_FORMAT = dwarf;
				ENABLE_STRICT_OBJC_MSGSEND = YES;
				ENABLE_TESTABILITY = YES;
				GCC_C_LANGUAGE_STANDARD = gnu11;
				GCC_DYNAMIC_NO_PIC = NO;
				GCC_NO_COMMON_BLOCKS = YES;
				GCC_OPTIMIZATION_LEVEL = 0;
				GCC_PREPROCESSOR_DEFINITIONS = (
					"DEBUG=1",
					"$(inherited)",
				);
				GCC_WARN_64_TO_32_BIT_CONVERSION = YES;
				GCC_WARN_ABOUT_RETURN_TYPE = YES_ERROR;
				GCC_WARN_UNDECLARED_SELECTOR = YES;
				GCC_WARN_UNINITIALIZED_AUTOS = YES_AGGRESSIVE;
				GCC_WARN_UNUSED_FUNCTION = YES;
				GCC_WARN_UNUSED_VARIABLE = YES;
				IPHONEOS_DEPLOYMENT_TARGET = 13.2;
				MTL_ENABLE_DEBUG_INFO = INCLUDE_SOURCE;
				MTL_FAST_MATH = YES;
				ONLY_ACTIVE_ARCH = YES;
				SDKROOT = iphoneos;
				SWIFT_ACTIVE_COMPILATION_CONDITIONS = DEBUG;
				SWIFT_OPTIMIZATION_LEVEL = "-Onone";
			};
			name = Debug;
		};
		8EA757AB245E40C5004D1874 /* Release */ = {
			isa = XCBuildConfiguration;
			buildSettings = {
				ALWAYS_SEARCH_USER_PATHS = NO;
				CLANG_ANALYZER_NONNULL = YES;
				CLANG_ANALYZER_NUMBER_OBJECT_CONVERSION = YES_AGGRESSIVE;
				CLANG_CXX_LANGUAGE_STANDARD = "gnu++14";
				CLANG_CXX_LIBRARY = "libc++";
				CLANG_ENABLE_MODULES = YES;
				CLANG_ENABLE_OBJC_ARC = YES;
				CLANG_ENABLE_OBJC_WEAK = YES;
				CLANG_WARN_BLOCK_CAPTURE_AUTORELEASING = YES;
				CLANG_WARN_BOOL_CONVERSION = YES;
				CLANG_WARN_COMMA = YES;
				CLANG_WARN_CONSTANT_CONVERSION = YES;
				CLANG_WARN_DEPRECATED_OBJC_IMPLEMENTATIONS = YES;
				CLANG_WARN_DIRECT_OBJC_ISA_USAGE = YES_ERROR;
				CLANG_WARN_DOCUMENTATION_COMMENTS = YES;
				CLANG_WARN_EMPTY_BODY = YES;
				CLANG_WARN_ENUM_CONVERSION = YES;
				CLANG_WARN_INFINITE_RECURSION = YES;
				CLANG_WARN_INT_CONVERSION = YES;
				CLANG_WARN_NON_LITERAL_NULL_CONVERSION = YES;
				CLANG_WARN_OBJC_IMPLICIT_RETAIN_SELF = YES;
				CLANG_WARN_OBJC_LITERAL_CONVERSION = YES;
				CLANG_WARN_OBJC_ROOT_CLASS = YES_ERROR;
				CLANG_WARN_RANGE_LOOP_ANALYSIS = YES;
				CLANG_WARN_STRICT_PROTOTYPES = YES;
				CLANG_WARN_SUSPICIOUS_MOVE = YES;
				CLANG_WARN_UNGUARDED_AVAILABILITY = YES_AGGRESSIVE;
				CLANG_WARN_UNREACHABLE_CODE = YES;
				CLANG_WARN__DUPLICATE_METHOD_MATCH = YES;
				COPY_PHASE_STRIP = NO;
				DEBUG_INFORMATION_FORMAT = "dwarf-with-dsym";
				ENABLE_NS_ASSERTIONS = NO;
				ENABLE_STRICT_OBJC_MSGSEND = YES;
				GCC_C_LANGUAGE_STANDARD = gnu11;
				GCC_NO_COMMON_BLOCKS = YES;
				GCC_WARN_64_TO_32_BIT_CONVERSION = YES;
				GCC_WARN_ABOUT_RETURN_TYPE = YES_ERROR;
				GCC_WARN_UNDECLARED_SELECTOR = YES;
				GCC_WARN_UNINITIALIZED_AUTOS = YES_AGGRESSIVE;
				GCC_WARN_UNUSED_FUNCTION = YES;
				GCC_WARN_UNUSED_VARIABLE = YES;
				IPHONEOS_DEPLOYMENT_TARGET = 13.2;
				MTL_ENABLE_DEBUG_INFO = NO;
				MTL_FAST_MATH = YES;
				SDKROOT = iphoneos;
				SWIFT_COMPILATION_MODE = wholemodule;
				SWIFT_OPTIMIZATION_LEVEL = "-O";
				VALIDATE_PRODUCT = YES;
			};
			name = Release;
		};
		8EA757AD245E40C5004D1874 /* Debug */ = {
			isa = XCBuildConfiguration;
			buildSettings = {
				ASSETCATALOG_COMPILER_APPICON_NAME = AppIcon;
				CODE_SIGN_STYLE = Automatic;
				DEVELOPMENT_ASSET_PATHS = "\"IndoorMappingUsingMotion/Preview Content\"";
				DEVELOPMENT_TEAM = 34XRA32US9;
				ENABLE_PREVIEWS = YES;
				INFOPLIST_FILE = IndoorMappingUsingMotion/Info.plist;
				LD_RUNPATH_SEARCH_PATHS = (
					"$(inherited)",
					"@executable_path/Frameworks",
				);
				PRODUCT_BUNDLE_IDENTIFIER = Think.IndoorMappingUsingMotion;
				PRODUCT_NAME = "$(TARGET_NAME)";
				SWIFT_VERSION = 5.0;
				TARGETED_DEVICE_FAMILY = "1,2";
			};
			name = Debug;
		};
		8EA757AE245E40C5004D1874 /* Release */ = {
			isa = XCBuildConfiguration;
			buildSettings = {
				ASSETCATALOG_COMPILER_APPICON_NAME = AppIcon;
				CODE_SIGN_STYLE = Automatic;
				DEVELOPMENT_ASSET_PATHS = "\"IndoorMappingUsingMotion/Preview Content\"";
				DEVELOPMENT_TEAM = 34XRA32US9;
				ENABLE_PREVIEWS = YES;
				INFOPLIST_FILE = IndoorMappingUsingMotion/Info.plist;
				LD_RUNPATH_SEARCH_PATHS = (
					"$(inherited)",
					"@executable_path/Frameworks",
				);
				PRODUCT_BUNDLE_IDENTIFIER = Think.IndoorMappingUsingMotion;
				PRODUCT_NAME = "$(TARGET_NAME)";
				SWIFT_VERSION = 5.0;
				TARGETED_DEVICE_FAMILY = "1,2";
			};
			name = Release;
		};
/* End XCBuildConfiguration section */

/* Begin XCConfigurationList section */
		8EA75790245E40BE004D1874 /* Build configuration list for PBXProject "IndoorMappingUsingMotion" */ = {
			isa = XCConfigurationList;
			buildConfigurations = (
				8EA757AA245E40C5004D1874 /* Debug */,
				8EA757AB245E40C5004D1874 /* Release */,
			);
			defaultConfigurationIsVisible = 0;
			defaultConfigurationName = Release;
		};
		8EA757AC245E40C5004D1874 /* Build configuration list for PBXNativeTarget "IndoorMappingUsingMotion" */ = {
			isa = XCConfigurationList;
			buildConfigurations = (
				8EA757AD245E40C5004D1874 /* Debug */,
				8EA757AE245E40C5004D1874 /* Release */,
			);
			defaultConfigurationIsVisible = 0;
			defaultConfigurationName = Release;
		};
/* End XCConfigurationList section */

/* Begin XCVersionGroup section */
		8EA7579C245E40BE004D1874 /* IndoorMappingUsingMotion.xcdatamodeld */ = {
			isa = XCVersionGroup;
			children = (
				8EA7579D245E40BE004D1874 /* IndoorMappingUsingMotion.xcdatamodel */,
			);
			currentVersion = 8EA7579D245E40BE004D1874 /* IndoorMappingUsingMotion.xcdatamodel */;
			path = IndoorMappingUsingMotion.xcdatamodeld;
			sourceTree = "<group>";
			versionGroupType = wrapper.xcdatamodel;
		};
/* End XCVersionGroup section */
	};
	rootObject = 8EA7578D245E40BE004D1874 /* Project object */;
}
